
Microsoft Visual Studio Solution File, Format Version 12.00
# Visual Studio Version 16
VisualStudioVersion = 16.0.31624.102
MinimumVisualStudioVersion = 10.0.40219.1
Project("{FAE04EC0-301F-11D3-BF4B-00C04F79EFBC}") = "Encounter1", "Encounter1\Encounter1.csproj", "{57D6F9B0-A838-4CB4-B9F6-CB3FA7B64118}"
EndProject
Global
	GlobalSection(SolutionConfigurationPlatforms) = preSolution
		Debug|Any CPU = Debug|Any CPU
		Release|Any CPU = Release|Any CPU
	EndGlobalSection
	GlobalSection(ProjectConfigurationPlatforms) = postSolution
		{57D6F9B0-A838-4CB4-B9F6-CB3FA7B64118}.Debug|Any CPU.ActiveCfg = Debug|Any CPU
		{57D6F9B0-A838-4CB4-B9F6-CB3FA7B64118}.Debug|Any CPU.Build.0 = Debug|Any CPU
		{57D6F9B0-A838-4CB4-B9F6-CB3FA7B64118}.Debug|Any CPU.Deploy.0 = Debug|Any CPU
		{57D6F9B0-A838-4CB4-B9F6-CB3FA7B64118}.Release|Any CPU.ActiveCfg = Release|Any CPU
		{57D6F9B0-A838-4CB4-B9F6-CB3FA7B64118}.Release|Any CPU.Build.0 = Release|Any CPU
		{57D6F9B0-A838-4CB4-B9F6-CB3FA7B64118}.Release|Any CPU.Deploy.0 = Release|Any CPU
	EndGlobalSection
	GlobalSection(SolutionProperties) = preSolution
		HideSolutionNode = FALSE
	EndGlobalSection
	GlobalSection(ExtensibilityGlobals) = postSolution
		SolutionGuid = {FD7368CF-0E4B-4054-839B-08272420510B}
	EndGlobalSection
EndGlobal
